
Microsoft Visual Studio Solution File, Format Version 12.00
# Visual Studio Version 17
VisualStudioVersion = 17.0.31903.59
MinimumVisualStudioVersion = 10.0.40219.1
Project("{FAE04EC0-301F-11D3-BF4B-00C04F79EFBC}") = "Domain", "backend\Domain\Domain.csproj", "{99F8FF9C-EB66-4FF4-A6C8-312A1113E0B1}"
EndProject
Project("{FAE04EC0-301F-11D3-BF4B-00C04F79EFBC}") = "Application", "backend\Application\Application.csproj", "{AE89B48D-FF80-4E97-A9BB-43D022DBA8ED}"
EndProject
Project("{FAE04EC0-301F-11D3-BF4B-00C04F79EFBC}") = "Infrastructure", "backend\Infrastructure\Infrastructure.csproj", "{91FCC38E-7C55-4ADD-9275-B9E307781E23}"
EndProject
Project("{FAE04EC0-301F-11D3-BF4B-00C04F79EFBC}") = "API", "backend\API\API.csproj", "{58150953-5A06-4900-AA4F-672D52F9A098}"
EndProject
Global
	GlobalSection(SolutionConfigurationPlatforms) = preSolution
		Debug|Any CPU = Debug|Any CPU
		Release|Any CPU = Release|Any CPU
	EndGlobalSection
	GlobalSection(ProjectConfigurationPlatforms) = postSolution
		{99F8FF9C-EB66-4FF4-A6C8-312A1113E0B1}.Debug|Any CPU.ActiveCfg = Debug|Any CPU
		{99F8FF9C-EB66-4FF4-A6C8-312A1113E0B1}.Debug|Any CPU.Build.0 = Debug|Any CPU
		{99F8FF9C-EB66-4FF4-A6C8-312A1113E0B1}.Release|Any CPU.ActiveCfg = Release|Any CPU
		{99F8FF9C-EB66-4FF4-A6C8-312A1113E0B1}.Release|Any CPU.Build.0 = Release|Any CPU
		{AE89B48D-FF80-4E97-A9BB-43D022DBA8ED}.Debug|Any CPU.ActiveCfg = Debug|Any CPU
		{AE89B48D-FF80-4E97-A9BB-43D022DBA8ED}.Debug|Any CPU.Build.0 = Debug|Any CPU
		{AE89B48D-FF80-4E97-A9BB-43D022DBA8ED}.Release|Any CPU.ActiveCfg = Release|Any CPU
		{AE89B48D-FF80-4E97-A9BB-43D022DBA8ED}.Release|Any CPU.Build.0 = Release|Any CPU
		{91FCC38E-7C55-4ADD-9275-B9E307781E23}.Debug|Any CPU.ActiveCfg = Debug|Any CPU
		{91FCC38E-7C55-4ADD-9275-B9E307781E23}.Debug|Any CPU.Build.0 = Debug|Any CPU
		{91FCC38E-7C55-4ADD-9275-B9E307781E23}.Release|Any CPU.ActiveCfg = Release|Any CPU
		{91FCC38E-7C55-4ADD-9275-B9E307781E23}.Release|Any CPU.Build.0 = Release|Any CPU
		{58150953-5A06-4900-AA4F-672D52F9A098}.Debug|Any CPU.ActiveCfg = Debug|Any CPU
		{58150953-5A06-4900-AA4F-672D52F9A098}.Debug|Any CPU.Build.0 = Debug|Any CPU
		{58150953-5A06-4900-AA4F-672D52F9A098}.Release|Any CPU.ActiveCfg = Release|Any CPU
		{58150953-5A06-4900-AA4F-672D52F9A098}.Release|Any CPU.Build.0 = Release|Any CPU
	EndGlobalSection
	GlobalSection(SolutionProperties) = preSolution
		HideSolutionNode = FALSE
	EndGlobalSection
EndGlobal
